{
  "name": "web_development",
  "version": "1.0.0",
  "lockfileVersion": 2,
  "requires": true,
  "packages": {
    "": {
      "name": "web_development",
      "version": "1.0.0",
      "license": "ISC",
      "dependencies": {
        "super-heroes": "^1.0.0"
      }
    },
    "node_modules/super-heroes": {
      "version": "1.0.0",
      "resolved": "https://registry.npmjs.org/super-heroes/-/super-heroes-1.0.0.tgz",
      "integrity": "sha512-W9ZPFsNTO9Du6Kil7apy9yO7qKe5MWXw3vLpEcOlA8Zb2dcgLYP/qdqp9B9uimJYi5muaa6wF19UmSZk1IfVsw=="
    }
  },
  "dependencies": {
    "super-heroes": {
      "version": "1.0.0",
      "resolved": "https://registry.npmjs.org/super-heroes/-/super-heroes-1.0.0.tgz",
      "integrity": "sha512-W9ZPFsNTO9Du6Kil7apy9yO7qKe5MWXw3vLpEcOlA8Zb2dcgLYP/qdqp9B9uimJYi5muaa6wF19UmSZk1IfVsw=="
    }
  }
}
